
Microsoft Visual Studio Solution File, Format Version 12.00
# Visual Studio 15
VisualStudioVersion = 15.0.27703.2000
MinimumVisualStudioVersion = 10.0.40219.1
Project("{FAE04EC0-301F-11D3-BF4B-00C04F79EFBC}") = "tabela", "tabela\tabela.csproj", "{11BAD6A7-DDE4-4F15-8D37-17D55156463F}"
EndProject
Global
	GlobalSection(SolutionConfigurationPlatforms) = preSolution
		Debug|Any CPU = Debug|Any CPU
		Release|Any CPU = Release|Any CPU
	EndGlobalSection
	GlobalSection(ProjectConfigurationPlatforms) = postSolution
		{11BAD6A7-DDE4-4F15-8D37-17D55156463F}.Debug|Any CPU.ActiveCfg = Debug|Any CPU
		{11BAD6A7-DDE4-4F15-8D37-17D55156463F}.Debug|Any CPU.Build.0 = Debug|Any CPU
		{11BAD6A7-DDE4-4F15-8D37-17D55156463F}.Release|Any CPU.ActiveCfg = Release|Any CPU
		{11BAD6A7-DDE4-4F15-8D37-17D55156463F}.Release|Any CPU.Build.0 = Release|Any CPU
	EndGlobalSection
	GlobalSection(SolutionProperties) = preSolution
		HideSolutionNode = FALSE
	EndGlobalSection
	GlobalSection(ExtensibilityGlobals) = postSolution
		SolutionGuid = {721B28DC-8E7E-4D6F-9719-69D44C3AE26B}
	EndGlobalSection
EndGlobal
