
Microsoft Visual Studio Solution File, Format Version 12.00
# Visual Studio 15
VisualStudioVersion = 15.0.27703.2000
MinimumVisualStudioVersion = 10.0.40219.1
Project("{FAE04EC0-301F-11D3-BF4B-00C04F79EFBC}") = "Fibonacci", "Fibonacci\Fibonacci.csproj", "{A36AADD3-9C9C-4642-B682-912389F0B3C1}"
EndProject
Global
	GlobalSection(SolutionConfigurationPlatforms) = preSolution
		Debug|Any CPU = Debug|Any CPU
		Release|Any CPU = Release|Any CPU
	EndGlobalSection
	GlobalSection(ProjectConfigurationPlatforms) = postSolution
		{A36AADD3-9C9C-4642-B682-912389F0B3C1}.Debug|Any CPU.ActiveCfg = Debug|Any CPU
		{A36AADD3-9C9C-4642-B682-912389F0B3C1}.Debug|Any CPU.Build.0 = Debug|Any CPU
		{A36AADD3-9C9C-4642-B682-912389F0B3C1}.Release|Any CPU.ActiveCfg = Release|Any CPU
		{A36AADD3-9C9C-4642-B682-912389F0B3C1}.Release|Any CPU.Build.0 = Release|Any CPU
	EndGlobalSection
	GlobalSection(SolutionProperties) = preSolution
		HideSolutionNode = FALSE
	EndGlobalSection
	GlobalSection(ExtensibilityGlobals) = postSolution
		SolutionGuid = {A67D552C-C970-4372-BECC-C408AC65EEAC}
	EndGlobalSection
EndGlobal
