
Microsoft Visual Studio Solution File, Format Version 12.00
# Visual Studio 15
VisualStudioVersion = 15.0.27703.2000
MinimumVisualStudioVersion = 10.0.40219.1
Project("{FAE04EC0-301F-11D3-BF4B-00C04F79EFBC}") = "Multiplo3", "Multiplo3\Multiplo3.csproj", "{EFBB0D30-7CB2-4190-B1B1-D2E9BD2C5B27}"
EndProject
Global
	GlobalSection(SolutionConfigurationPlatforms) = preSolution
		Debug|Any CPU = Debug|Any CPU
		Release|Any CPU = Release|Any CPU
	EndGlobalSection
	GlobalSection(ProjectConfigurationPlatforms) = postSolution
		{EFBB0D30-7CB2-4190-B1B1-D2E9BD2C5B27}.Debug|Any CPU.ActiveCfg = Debug|Any CPU
		{EFBB0D30-7CB2-4190-B1B1-D2E9BD2C5B27}.Debug|Any CPU.Build.0 = Debug|Any CPU
		{EFBB0D30-7CB2-4190-B1B1-D2E9BD2C5B27}.Release|Any CPU.ActiveCfg = Release|Any CPU
		{EFBB0D30-7CB2-4190-B1B1-D2E9BD2C5B27}.Release|Any CPU.Build.0 = Release|Any CPU
	EndGlobalSection
	GlobalSection(SolutionProperties) = preSolution
		HideSolutionNode = FALSE
	EndGlobalSection
	GlobalSection(ExtensibilityGlobals) = postSolution
		SolutionGuid = {D60269C7-459F-4B53-8C76-DADAAFEC95F1}
	EndGlobalSection
EndGlobal
